// !$*UTF8*$!
{
	archiveVersion = 1;
	classes = {
	};
	objectVersion = 50;
	objects = {

/* Begin PBXBuildFile section */
		8FF0739821286CA6005AB125 /* AppDelegate.swift in Sources */ = {isa = PBXBuildFile; fileRef = 8FF0739721286CA6005AB125 /* AppDelegate.swift */; };
		8FF0739A21286CA6005AB125 /* ViewController.swift in Sources */ = {isa = PBXBuildFile; fileRef = 8FF0739921286CA6005AB125 /* ViewController.swift */; };
		8FF0739D21286CA6005AB125 /* Main.storyboard in Resources */ = {isa = PBXBuildFile; fileRef = 8FF0739B21286CA6005AB125 /* Main.storyboard */; };
		8FF0739F21286CCF005AB125 /* Assets.xcassets in Resources */ = {isa = PBXBuildFile; fileRef = 8FF0739E21286CCF005AB125 /* Assets.xcassets */; };
		8FF073A221286CCF005AB125 /* LaunchScreen.storyboard in Resources */ = {isa = PBXBuildFile; fileRef = 8FF073A021286CCF005AB125 /* LaunchScreen.storyboard */; };
		8FF073AD21286CCF005AB125 /* ComponentesTests.swift in Sources */ = {isa = PBXBuildFile; fileRef = 8FF073AC21286CCF005AB125 /* ComponentesTests.swift */; };
		8FF073B821286CCF005AB125 /* ComponentesUITests.swift in Sources */ = {isa = PBXBuildFile; fileRef = 8FF073B721286CCF005AB125 /* ComponentesUITests.swift */; };
/* End PBXBuildFile section */

/* Begin PBXContainerItemProxy section */
		8FF073A921286CCF005AB125 /* PBXContainerItemProxy */ = {
			isa = PBXContainerItemProxy;
			containerPortal = 8FF0738C21286CA6005AB125 /* Project object */;
			proxyType = 1;
			remoteGlobalIDString = 8FF0739321286CA6005AB125;
			remoteInfo = Componentes;
		};
		8FF073B421286CCF005AB125 /* PBXContainerItemProxy */ = {
			isa = PBXContainerItemProxy;
			containerPortal = 8FF0738C21286CA6005AB125 /* Project object */;
			proxyType = 1;
			remoteGlobalIDString = 8FF0739321286CA6005AB125;
			remoteInfo = Componentes;
		};
/* End PBXContainerItemProxy section */

/* Begin PBXFileReference section */
		8FF0739421286CA6005AB125 /* Componentes.app */ = {isa = PBXFileReference; explicitFileType = wrapper.application; includeInIndex = 0; path = Componentes.app; sourceTree = BUILT_PRODUCTS_DIR; };
		8FF0739721286CA6005AB125 /* AppDelegate.swift */ = {isa = PBXFileReference; lastKnownFileType = sourcecode.swift; path = AppDelegate.swift; sourceTree = "<group>"; };
		8FF0739921286CA6005AB125 /* ViewController.swift */ = {isa = PBXFileReference; lastKnownFileType = sourcecode.swift; path = ViewController.swift; sourceTree = "<group>"; };
		8FF0739C21286CA6005AB125 /* Base */ = {isa = PBXFileReference; lastKnownFileType = file.storyboard; name = Base; path = Base.lproj/Main.storyboard; sourceTree = "<group>"; };
		8FF0739E21286CCF005AB125 /* Assets.xcassets */ = {isa = PBXFileReference; lastKnownFileType = folder.assetcatalog; path = Assets.xcassets; sourceTree = "<group>"; };
		8FF073A121286CCF005AB125 /* Base */ = {isa = PBXFileReference; lastKnownFileType = file.storyboard; name = Base; path = Base.lproj/LaunchScreen.storyboard; sourceTree = "<group>"; };
		8FF073A321286CCF005AB125 /* Info.plist */ = {isa = PBXFileReference; lastKnownFileType = text.plist.xml; path = Info.plist; sourceTree = "<group>"; };
		8FF073A821286CCF005AB125 /* ComponentesTests.xctest */ = {isa = PBXFileReference; explicitFileType = wrapper.cfbundle; includeInIndex = 0; path = ComponentesTests.xctest; sourceTree = BUILT_PRODUCTS_DIR; };
		8FF073AC21286CCF005AB125 /* ComponentesTests.swift */ = {isa = PBXFileReference; lastKnownFileType = sourcecode.swift; path = ComponentesTests.swift; sourceTree = "<group>"; };
		8FF073AE21286CCF005AB125 /* Info.plist */ = {isa = PBXFileReference; lastKnownFileType = text.plist.xml; path = Info.plist; sourceTree = "<group>"; };
		8FF073B321286CCF005AB125 /* ComponentesUITests.xctest */ = {isa = PBXFileReference; explicitFileType = wrapper.cfbundle; includeInIndex = 0; path = ComponentesUITests.xctest; sourceTree = BUILT_PRODUCTS_DIR; };
		8FF073B721286CCF005AB125 /* ComponentesUITests.swift */ = {isa = PBXFileReference; lastKnownFileType = sourcecode.swift; path = ComponentesUITests.swift; sourceTree = "<group>"; };
		8FF073B921286CCF005AB125 /* Info.plist */ = {isa = PBXFileReference; lastKnownFileType = text.plist.xml; path = Info.plist; sourceTree = "<group>"; };
/* End PBXFileReference section */

/* Begin PBXFrameworksBuildPhase section */
		8FF0739121286CA6005AB125 /* Frameworks */ = {
			isa = PBXFrameworksBuildPhase;
			buildActionMask = 2147483647;
			files = (
			);
			runOnlyForDeploymentPostprocessing = 0;
		};
		8FF073A521286CCF005AB125 /* Frameworks */ = {
			isa = PBXFrameworksBuildPhase;
			buildActionMask = 2147483647;
			files = (
			);
			runOnlyForDeploymentPostprocessing = 0;
		};
		8FF073B021286CCF005AB125 /* Frameworks */ = {
			isa = PBXFrameworksBuildPhase;
			buildActionMask = 2147483647;
			files = (
			);
			runOnlyForDeploymentPostprocessing = 0;
		};
/* End PBXFrameworksBuildPhase section */

/* Begin PBXGroup section */
		8FF0738B21286CA6005AB125 = {
			isa = PBXGroup;
			children = (
				8FF0739621286CA6005AB125 /* Componentes */,
				8FF073AB21286CCF005AB125 /* ComponentesTests */,
				8FF073B621286CCF005AB125 /* ComponentesUITests */,
				8FF0739521286CA6005AB125 /* Products */,
			);
			sourceTree = "<group>";
		};
		8FF0739521286CA6005AB125 /* Products */ = {
			isa = PBXGroup;
			children = (
				8FF0739421286CA6005AB125 /* Componentes.app */,
				8FF073A821286CCF005AB125 /* ComponentesTests.xctest */,
				8FF073B321286CCF005AB125 /* ComponentesUITests.xctest */,
			);
			name = Products;
			sourceTree = "<group>";
		};
		8FF0739621286CA6005AB125 /* Componentes */ = {
			isa = PBXGroup;
			children = (
				8FF0739721286CA6005AB125 /* AppDelegate.swift */,
				8FF0739921286CA6005AB125 /* ViewController.swift */,
				8FF0739B21286CA6005AB125 /* Main.storyboard */,
				8FF0739E21286CCF005AB125 /* Assets.xcassets */,
				8FF073A021286CCF005AB125 /* LaunchScreen.storyboard */,
				8FF073A321286CCF005AB125 /* Info.plist */,
			);
			path = Componentes;
			sourceTree = "<group>";
		};
		8FF073AB21286CCF005AB125 /* ComponentesTests */ = {
			isa = PBXGroup;
			children = (
				8FF073AC21286CCF005AB125 /* ComponentesTests.swift */,
				8FF073AE21286CCF005AB125 /* Info.plist */,
			);
			path = ComponentesTests;
			sourceTree = "<group>";
		};
		8FF073B621286CCF005AB125 /* ComponentesUITests */ = {
			isa = PBXGroup;
			children = (
				8FF073B721286CCF005AB125 /* ComponentesUITests.swift */,
				8FF073B921286CCF005AB125 /* Info.plist */,
			);
			path = ComponentesUITests;
			sourceTree = "<group>";
		};
/* End PBXGroup section */

/* Begin PBXNativeTarget section */
		8FF0739321286CA6005AB125 /* Componentes */ = {
			isa = PBXNativeTarget;
			buildConfigurationList = 8FF073BC21286CCF005AB125 /* Build configuration list for PBXNativeTarget "Componentes" */;
			buildPhases = (
				8FF0739021286CA6005AB125 /* Sources */,
				8FF0739121286CA6005AB125 /* Frameworks */,
				8FF0739221286CA6005AB125 /* Resources */,
			);
			buildRules = (
			);
			dependencies = (
			);
			name = Componentes;
			productName = Componentes;
			productReference = 8FF0739421286CA6005AB125 /* Componentes.app */;
			productType = "com.apple.product-type.application";
		};
		8FF073A721286CCF005AB125 /* ComponentesTests */ = {
			isa = PBXNativeTarget;
			buildConfigurationList = 8FF073BF21286CCF005AB125 /* Build configuration list for PBXNativeTarget "ComponentesTests" */;
			buildPhases = (
				8FF073A421286CCF005AB125 /* Sources */,
				8FF073A521286CCF005AB125 /* Frameworks */,
				8FF073A621286CCF005AB125 /* Resources */,
			);
			buildRules = (
			);
			dependencies = (
				8FF073AA21286CCF005AB125 /* PBXTargetDependency */,
			);
			name = ComponentesTests;
			productName = ComponentesTests;
			productReference = 8FF073A821286CCF005AB125 /* ComponentesTests.xctest */;
			productType = "com.apple.product-type.bundle.unit-test";
		};
		8FF073B221286CCF005AB125 /* ComponentesUITests */ = {
			isa = PBXNativeTarget;
			buildConfigurationList = 8FF073C221286CCF005AB125 /* Build configuration list for PBXNativeTarget "ComponentesUITests" */;
			buildPhases = (
				8FF073AF21286CCF005AB125 /* Sources */,
				8FF073B021286CCF005AB125 /* Frameworks */,
				8FF073B121286CCF005AB125 /* Resources */,
			);
			buildRules = (
			);
			dependencies = (
				8FF073B521286CCF005AB125 /* PBXTargetDependency */,
			);
			name = ComponentesUITests;
			productName = ComponentesUITests;
			productReference = 8FF073B321286CCF005AB125 /* ComponentesUITests.xctest */;
			productType = "com.apple.product-type.bundle.ui-testing";
		};
/* End PBXNativeTarget section */

/* Begin PBXProject section */
		8FF0738C21286CA6005AB125 /* Project object */ = {
			isa = PBXProject;
			attributes = {
				LastSwiftUpdateCheck = 0940;
				LastUpgradeCheck = 0940;
				ORGANIZATIONNAME = "Carlos Santiago Cruz";
				TargetAttributes = {
					8FF0739321286CA6005AB125 = {
						CreatedOnToolsVersion = 9.4.1;
					};
					8FF073A721286CCF005AB125 = {
						CreatedOnToolsVersion = 9.4.1;
						TestTargetID = 8FF0739321286CA6005AB125;
					};
					8FF073B221286CCF005AB125 = {
						CreatedOnToolsVersion = 9.4.1;
						TestTargetID = 8FF0739321286CA6005AB125;
					};
				};
			};
			buildConfigurationList = 8FF0738F21286CA6005AB125 /* Build configuration list for PBXProject "Componentes" */;
			compatibilityVersion = "Xcode 9.3";
			developmentRegion = en;
			hasScannedForEncodings = 0;
			knownRegions = (
				en,
				Base,
			);
			mainGroup = 8FF0738B21286CA6005AB125;
			productRefGroup = 8FF0739521286CA6005AB125 /* Products */;
			projectDirPath = "";
			projectRoot = "";
			targets = (
				8FF0739321286CA6005AB125 /* Componentes */,
				8FF073A721286CCF005AB125 /* ComponentesTests */,
				8FF073B221286CCF005AB125 /* ComponentesUITests */,
			);
		};
/* End PBXProject section */

/* Begin PBXResourcesBuildPhase section */
		8FF0739221286CA6005AB125 /* Resources */ = {
			isa = PBXResourcesBuildPhase;
			buildActionMask = 2147483647;
			files = (
				8FF073A221286CCF005AB125 /* LaunchScreen.storyboard in Resources */,
				8FF0739F21286CCF005AB125 /* Assets.xcassets in Resources */,
				8FF0739D21286CA6005AB125 /* Main.storyboard in Resources */,
			);
			runOnlyForDeploymentPostprocessing = 0;
		};
		8FF073A621286CCF005AB125 /* Resources */ = {
			isa = PBXResourcesBuildPhase;
			buildActionMask = 2147483647;
			files = (
			);
			runOnlyForDeploymentPostprocessing = 0;
		};
		8FF073B121286CCF005AB125 /* Resources */ = {
			isa = PBXResourcesBuildPhase;
			buildActionMask = 2147483647;
			files = (
			);
			runOnlyForDeploymentPostprocessing = 0;
		};
/* End PBXResourcesBuildPhase section */

/* Begin PBXSourcesBuildPhase section */
		8FF0739021286CA6005AB125 /* Sources */ = {
			isa = PBXSourcesBuildPhase;
			buildActionMask = 2147483647;
			files = (
				8FF0739A21286CA6005AB125 /* ViewController.swift in Sources */,
				8FF0739821286CA6005AB125 /* AppDelegate.swift in Sources */,
			);
			runOnlyForDeploymentPostprocessing = 0;
		};
		8FF073A421286CCF005AB125 /* Sources */ = {
			isa = PBXSourcesBuildPhase;
			buildActionMask = 2147483647;
			files = (
				8FF073AD21286CCF005AB125 /* ComponentesTests.swift in Sources */,
			);
			runOnlyForDeploymentPostprocessing = 0;
		};
		8FF073AF21286CCF005AB125 /* Sources */ = {
			isa = PBXSourcesBuildPhase;
			buildActionMask = 2147483647;
			files = (
				8FF073B821286CCF005AB125 /* ComponentesUITests.swift in Sources */,
			);
			runOnlyForDeploymentPostprocessing = 0;
		};
/* End PBXSourcesBuildPhase section */

/* Begin PBXTargetDependency section */
		8FF073AA21286CCF005AB125 /* PBXTargetDependency */ = {
			isa = PBXTargetDependency;
			target = 8FF0739321286CA6005AB125 /* Componentes */;
			targetProxy = 8FF073A921286CCF005AB125 /* PBXContainerItemProxy */;
		};
		8FF073B521286CCF005AB125 /* PBXTargetDependency */ = {
			isa = PBXTargetDependency;
			target = 8FF0739321286CA6005AB125 /* Componentes */;
			targetProxy = 8FF073B421286CCF005AB125 /* PBXContainerItemProxy */;
		};
/* End PBXTargetDependency section */

/* Begin PBXVariantGroup section */
		8FF0739B21286CA6005AB125 /* Main.storyboard */ = {
			isa = PBXVariantGroup;
			children = (
				8FF0739C21286CA6005AB125 /* Base */,
			);
			name = Main.storyboard;
			sourceTree = "<group>";
		};
		8FF073A021286CCF005AB125 /* LaunchScreen.storyboard */ = {
			isa = PBXVariantGroup;
			children = (
				8FF073A121286CCF005AB125 /* Base */,
			);
			name = LaunchScreen.storyboard;
			sourceTree = "<group>";
		};
/* End PBXVariantGroup section */

/* Begin XCBuildConfiguration section */
		8FF073BA21286CCF005AB125 /* Debug */ = {
			isa = XCBuildConfiguration;
			buildSettings = {
				ALWAYS_SEARCH_USER_PATHS = NO;
				CLANG_ANALYZER_NONNULL = YES;
				CLANG_ANALYZER_NUMBER_OBJECT_CONVERSION = YES_AGGRESSIVE;
				CLANG_CXX_LANGUAGE_STANDARD = "gnu++14";
				CLANG_CXX_LIBRARY = "libc++";
				CLANG_ENABLE_MODULES = YES;
				CLANG_ENABLE_OBJC_ARC = YES;
				CLANG_ENABLE_OBJC_WEAK = YES;
				CLANG_WARN_BLOCK_CAPTURE_AUTORELEASING = YES;
				CLANG_WARN_BOOL_CONVERSION = YES;
				CLANG_WARN_COMMA = YES;
				CLANG_WARN_CONSTANT_CONVERSION = YES;
				CLANG_WARN_DEPRECATED_OBJC_IMPLEMENTATIONS = YES;
				CLANG_WARN_DIRECT_OBJC_ISA_USAGE = YES_ERROR;
				CLANG_WARN_DOCUMENTATION_COMMENTS = YES;
				CLANG_WARN_EMPTY_BODY = YES;
				CLANG_WARN_ENUM_CONVERSION = YES;
				CLANG_WARN_INFINITE_RECURSION = YES;
				CLANG_WARN_INT_CONVERSION = YES;
				CLANG_WARN_NON_LITERAL_NULL_CONVERSION = YES;
				CLANG_WARN_OBJC_IMPLICIT_RETAIN_SELF = YES;
				CLANG_WARN_OBJC_LITERAL_CONVERSION = YES;
				CLANG_WARN_OBJC_ROOT_CLASS = YES_ERROR;
				CLANG_WARN_RANGE_LOOP_ANALYSIS = YES;
				CLANG_WARN_STRICT_PROTOTYPES = YES;
				CLANG_WARN_SUSPICIOUS_MOVE = YES;
				CLANG_WARN_UNGUARDED_AVAILABILITY = YES_AGGRESSIVE;
				CLANG_WARN_UNREACHABLE_CODE = YES;
				CLANG_WARN__DUPLICATE_METHOD_MATCH = YES;
				CODE_SIGN_IDENTITY = "iPhone Developer";
				COPY_PHASE_STRIP = NO;
				DEBUG_INFORMATION_FORMAT = dwarf;
				ENABLE_STRICT_OBJC_MSGSEND = YES;
				ENABLE_TESTABILITY = YES;
				GCC_C_LANGUAGE_STANDARD = gnu11;
				GCC_DYNAMIC_NO_PIC = NO;
				GCC_NO_COMMON_BLOCKS = YES;
				GCC_OPTIMIZATION_LEVEL = 0;
				GCC_PREPROCESSOR_DEFINITIONS = (
					"DEBUG=1",
					"$(inherited)",
				);
				GCC_WARN_64_TO_32_BIT_CONVERSION = YES;
				GCC_WARN_ABOUT_RETURN_TYPE = YES_ERROR;
				GCC_WARN_UNDECLARED_SELECTOR = YES;
				GCC_WARN_UNINITIALIZED_AUTOS = YES_AGGRESSIVE;
				GCC_WARN_UNUSED_FUNCTION = YES;
				GCC_WARN_UNUSED_VARIABLE = YES;
				IPHONEOS_DEPLOYMENT_TARGET = 11.4;
				MTL_ENABLE_DEBUG_INFO = YES;
				ONLY_ACTIVE_ARCH = YES;
				SDKROOT = iphoneos;
				SWIFT_ACTIVE_COMPILATION_CONDITIONS = DEBUG;
				SWIFT_OPTIMIZATION_LEVEL = "-Onone";
			};
			name = Debug;
		};
		8FF073BB21286CCF005AB125 /* Release */ = {
			isa = XCBuildConfiguration;
			buildSettings = {
				ALWAYS_SEARCH_USER_PATHS = NO;
				CLANG_ANALYZER_NONNULL = YES;
				CLANG_ANALYZER_NUMBER_OBJECT_CONVERSION = YES_AGGRESSIVE;
				CLANG_CXX_LANGUAGE_STANDARD = "gnu++14";
				CLANG_CXX_LIBRARY = "libc++";
				CLANG_ENABLE_MODULES = YES;
				CLANG_ENABLE_OBJC_ARC = YES;
				CLANG_ENABLE_OBJC_WEAK = YES;
				CLANG_WARN_BLOCK_CAPTURE_AUTORELEASING = YES;
				CLANG_WARN_BOOL_CONVERSION = YES;
				CLANG_WARN_COMMA = YES;
				CLANG_WARN_CONSTANT_CONVERSION = YES;
				CLANG_WARN_DEPRECATED_OBJC_IMPLEMENTATIONS = YES;
				CLANG_WARN_DIRECT_OBJC_ISA_USAGE = YES_ERROR;
				CLANG_WARN_DOCUMENTATION_COMMENTS = YES;
				CLANG_WARN_EMPTY_BODY = YES;
				CLANG_WARN_ENUM_CONVERSION = YES;
				CLANG_WARN_INFINITE_RECURSION = YES;
				CLANG_WARN_INT_CONVERSION = YES;
				CLANG_WARN_NON_LITERAL_NULL_CONVERSION = YES;
				CLANG_WARN_OBJC_IMPLICIT_RETAIN_SELF = YES;
				CLANG_WARN_OBJC_LITERAL_CONVERSION = YES;
				CLANG_WARN_OBJC_ROOT_CLASS = YES_ERROR;
				CLANG_WARN_RANGE_LOOP_ANALYSIS = YES;
				CLANG_WARN_STRICT_PROTOTYPES = YES;
				CLANG_WARN_SUSPICIOUS_MOVE = YES;
				CLANG_WARN_UNGUARDED_AVAILABILITY = YES_AGGRESSIVE;
				CLANG_WARN_UNREACHABLE_CODE = YES;
				CLANG_WARN__DUPLICATE_METHOD_MATCH = YES;
				CODE_SIGN_IDENTITY = "iPhone Developer";
				COPY_PHASE_STRIP = NO;
				DEBUG_INFORMATION_FORMAT = "dwarf-with-dsym";
				ENABLE_NS_ASSERTIONS = NO;
				ENABLE_STRICT_OBJC_MSGSEND = YES;
				GCC_C_LANGUAGE_STANDARD = gnu11;
				GCC_NO_COMMON_BLOCKS = YES;
				GCC_WARN_64_TO_32_BIT_CONVERSION = YES;
				GCC_WARN_ABOUT_RETURN_TYPE = YES_ERROR;
				GCC_WARN_UNDECLARED_SELECTOR = YES;
				GCC_WARN_UNINITIALIZED_AUTOS = YES_AGGRESSIVE;
				GCC_WARN_UNUSED_FUNCTION = YES;
				GCC_WARN_UNUSED_VARIABLE = YES;
				IPHONEOS_DEPLOYMENT_TARGET = 11.4;
				MTL_ENABLE_DEBUG_INFO = NO;
				SDKROOT = iphoneos;
				SWIFT_COMPILATION_MODE = wholemodule;
				SWIFT_OPTIMIZATION_LEVEL = "-O";
				VALIDATE_PRODUCT = YES;
			};
			name = Release;
		};
		8FF073BD21286CCF005AB125 /* Debug */ = {
			isa = XCBuildConfiguration;
			buildSettings = {
				ASSETCATALOG_COMPILER_APPICON_NAME = AppIcon;
				CODE_SIGN_STYLE = Automatic;
				DEVELOPMENT_TEAM = KLD58K8YP9;
				INFOPLIST_FILE = Componentes/Info.plist;
				LD_RUNPATH_SEARCH_PATHS = (
					"$(inherited)",
					"@executable_path/Frameworks",
				);
				PRODUCT_BUNDLE_IDENTIFIER = Santiago.Componentes;
				PRODUCT_NAME = "$(TARGET_NAME)";
				SWIFT_VERSION = 4.0;
				TARGETED_DEVICE_FAMILY = "1,2";
			};
			name = Debug;
		};
		8FF073BE21286CCF005AB125 /* Release */ = {
			isa = XCBuildConfiguration;
			buildSettings = {
				ASSETCATALOG_COMPILER_APPICON_NAME = AppIcon;
				CODE_SIGN_STYLE = Automatic;
				DEVELOPMENT_TEAM = KLD58K8YP9;
				INFOPLIST_FILE = Componentes/Info.plist;
				LD_RUNPATH_SEARCH_PATHS = (
					"$(inherited)",
					"@executable_path/Frameworks",
				);
				PRODUCT_BUNDLE_IDENTIFIER = Santiago.Componentes;
				PRODUCT_NAME = "$(TARGET_NAME)";
				SWIFT_VERSION = 4.0;
				TARGETED_DEVICE_FAMILY = "1,2";
			};
			name = Release;
		};
		8FF073C021286CCF005AB125 /* Debug */ = {
			isa = XCBuildConfiguration;
			buildSettings = {
				ALWAYS_EMBED_SWIFT_STANDARD_LIBRARIES = YES;
				BUNDLE_LOADER = "$(TEST_HOST)";
				CODE_SIGN_STYLE = Automatic;
				DEVELOPMENT_TEAM = KLD58K8YP9;
				INFOPLIST_FILE = ComponentesTests/Info.plist;
				LD_RUNPATH_SEARCH_PATHS = (
					"$(inherited)",
					"@executable_path/Frameworks",
					"@loader_path/Frameworks",
				);
				PRODUCT_BUNDLE_IDENTIFIER = Santiago.ComponentesTests;
				PRODUCT_NAME = "$(TARGET_NAME)";
				SWIFT_VERSION = 4.0;
				TARGETED_DEVICE_FAMILY = "1,2";
				TEST_HOST = "$(BUILT_PRODUCTS_DIR)/Componentes.app/Componentes";
			};
			name = Debug;
		};
		8FF073C121286CCF005AB125 /* Release */ = {
			isa = XCBuildConfiguration;
			buildSettings = {
				ALWAYS_EMBED_SWIFT_STANDARD_LIBRARIES = YES;
				BUNDLE_LOADER = "$(TEST_HOST)";
				CODE_SIGN_STYLE = Automatic;
				DEVELOPMENT_TEAM = KLD58K8YP9;
				INFOPLIST_FILE = ComponentesTests/Info.plist;
				LD_RUNPATH_SEARCH_PATHS = (
					"$(inherited)",
					"@executable_path/Frameworks",
					"@loader_path/Frameworks",
				);
				PRODUCT_BUNDLE_IDENTIFIER = Santiago.ComponentesTests;
				PRODUCT_NAME = "$(TARGET_NAME)";
				SWIFT_VERSION = 4.0;
				TARGETED_DEVICE_FAMILY = "1,2";
				TEST_HOST = "$(BUILT_PRODUCTS_DIR)/Componentes.app/Componentes";
			};
			name = Release;
		};
		8FF073C321286CCF005AB125 /* Debug */ = {
			isa = XCBuildConfiguration;
			buildSettings = {
				ALWAYS_EMBED_SWIFT_STANDARD_LIBRARIES = YES;
				CODE_SIGN_STYLE = Automatic;
				DEVELOPMENT_TEAM = KLD58K8YP9;
				INFOPLIST_FILE = ComponentesUITests/Info.plist;
				LD_RUNPATH_SEARCH_PATHS = (
					"$(inherited)",
					"@executable_path/Frameworks",
					"@loader_path/Frameworks",
				);
				PRODUCT_BUNDLE_IDENTIFIER = Santiago.ComponentesUITests;
				PRODUCT_NAME = "$(TARGET_NAME)";
				SWIFT_VERSION = 4.0;
				TARGETED_DEVICE_FAMILY = "1,2";
				TEST_TARGET_NAME = Componentes;
			};
			name = Debug;
		};
		8FF073C421286CCF005AB125 /* Release */ = {
			isa = XCBuildConfiguration;
			buildSettings = {
				ALWAYS_EMBED_SWIFT_STANDARD_LIBRARIES = YES;
				CODE_SIGN_STYLE = Automatic;
				DEVELOPMENT_TEAM = KLD58K8YP9;
				INFOPLIST_FILE = ComponentesUITests/Info.plist;
				LD_RUNPATH_SEARCH_PATHS = (
					"$(inherited)",
					"@executable_path/Frameworks",
					"@loader_path/Frameworks",
				);
				PRODUCT_BUNDLE_IDENTIFIER = Santiago.ComponentesUITests;
				PRODUCT_NAME = "$(TARGET_NAME)";
				SWIFT_VERSION = 4.0;
				TARGETED_DEVICE_FAMILY = "1,2";
				TEST_TARGET_NAME = Componentes;
			};
			name = Release;
		};
/* End XCBuildConfiguration section */

/* Begin XCConfigurationList section */
		8FF0738F21286CA6005AB125 /* Build configuration list for PBXProject "Componentes" */ = {
			isa = XCConfigurationList;
			buildConfigurations = (
				8FF073BA21286CCF005AB125 /* Debug */,
				8FF073BB21286CCF005AB125 /* Release */,
			);
			defaultConfigurationIsVisible = 0;
			defaultConfigurationName = Release;
		};
		8FF073BC21286CCF005AB125 /* Build configuration list for PBXNativeTarget "Componentes" */ = {
			isa = XCConfigurationList;
			buildConfigurations = (
				8FF073BD21286CCF005AB125 /* Debug */,
				8FF073BE21286CCF005AB125 /* Release */,
			);
			defaultConfigurationIsVisible = 0;
			defaultConfigurationName = Release;
		};
		8FF073BF21286CCF005AB125 /* Build configuration list for PBXNativeTarget "ComponentesTests" */ = {
			isa = XCConfigurationList;
			buildConfigurations = (
				8FF073C021286CCF005AB125 /* Debug */,
				8FF073C121286CCF005AB125 /* Release */,
			);
			defaultConfigurationIsVisible = 0;
			defaultConfigurationName = Release;
		};
		8FF073C221286CCF005AB125 /* Build configuration list for PBXNativeTarget "ComponentesUITests" */ = {
			isa = XCConfigurationList;
			buildConfigurations = (
				8FF073C321286CCF005AB125 /* Debug */,
				8FF073C421286CCF005AB125 /* Release */,
			);
			defaultConfigurationIsVisible = 0;
			defaultConfigurationName = Release;
		};
/* End XCConfigurationList section */
	};
	rootObject = 8FF0738C21286CA6005AB125 /* Project object */;
}
