// !$*UTF8*$!
{
	archiveVersion = 1;
	classes = {
	};
	objectVersion = 50;
	objects = {

/* Begin PBXBuildFile section */
		8F75F2DC21D005AC00BDD371 /* AppDelegate.swift in Sources */ = {isa = PBXBuildFile; fileRef = 8F75F2DB21D005AC00BDD371 /* AppDelegate.swift */; };
		8F75F2DE21D005AC00BDD371 /* ViewController.swift in Sources */ = {isa = PBXBuildFile; fileRef = 8F75F2DD21D005AC00BDD371 /* ViewController.swift */; };
		8F75F2E121D005AC00BDD371 /* Main.storyboard in Resources */ = {isa = PBXBuildFile; fileRef = 8F75F2DF21D005AC00BDD371 /* Main.storyboard */; };
		8F75F2E321D005C000BDD371 /* Assets.xcassets in Resources */ = {isa = PBXBuildFile; fileRef = 8F75F2E221D005C000BDD371 /* Assets.xcassets */; };
		8F75F2E621D005C000BDD371 /* LaunchScreen.storyboard in Resources */ = {isa = PBXBuildFile; fileRef = 8F75F2E421D005C000BDD371 /* LaunchScreen.storyboard */; };
		8F75F2F121D005C000BDD371 /* SetsTests.swift in Sources */ = {isa = PBXBuildFile; fileRef = 8F75F2F021D005C000BDD371 /* SetsTests.swift */; };
		8F75F2FC21D005C000BDD371 /* SetsUITests.swift in Sources */ = {isa = PBXBuildFile; fileRef = 8F75F2FB21D005C000BDD371 /* SetsUITests.swift */; };
/* End PBXBuildFile section */

/* Begin PBXContainerItemProxy section */
		8F75F2ED21D005C000BDD371 /* PBXContainerItemProxy */ = {
			isa = PBXContainerItemProxy;
			containerPortal = 8F75F2D021D005AC00BDD371 /* Project object */;
			proxyType = 1;
			remoteGlobalIDString = 8F75F2D721D005AC00BDD371;
			remoteInfo = Sets;
		};
		8F75F2F821D005C000BDD371 /* PBXContainerItemProxy */ = {
			isa = PBXContainerItemProxy;
			containerPortal = 8F75F2D021D005AC00BDD371 /* Project object */;
			proxyType = 1;
			remoteGlobalIDString = 8F75F2D721D005AC00BDD371;
			remoteInfo = Sets;
		};
/* End PBXContainerItemProxy section */

/* Begin PBXFileReference section */
		8F75F2D821D005AC00BDD371 /* Sets.app */ = {isa = PBXFileReference; explicitFileType = wrapper.application; includeInIndex = 0; path = Sets.app; sourceTree = BUILT_PRODUCTS_DIR; };
		8F75F2DB21D005AC00BDD371 /* AppDelegate.swift */ = {isa = PBXFileReference; lastKnownFileType = sourcecode.swift; path = AppDelegate.swift; sourceTree = "<group>"; };
		8F75F2DD21D005AC00BDD371 /* ViewController.swift */ = {isa = PBXFileReference; lastKnownFileType = sourcecode.swift; path = ViewController.swift; sourceTree = "<group>"; };
		8F75F2E021D005AC00BDD371 /* Base */ = {isa = PBXFileReference; lastKnownFileType = file.storyboard; name = Base; path = Base.lproj/Main.storyboard; sourceTree = "<group>"; };
		8F75F2E221D005C000BDD371 /* Assets.xcassets */ = {isa = PBXFileReference; lastKnownFileType = folder.assetcatalog; path = Assets.xcassets; sourceTree = "<group>"; };
		8F75F2E521D005C000BDD371 /* Base */ = {isa = PBXFileReference; lastKnownFileType = file.storyboard; name = Base; path = Base.lproj/LaunchScreen.storyboard; sourceTree = "<group>"; };
		8F75F2E721D005C000BDD371 /* Info.plist */ = {isa = PBXFileReference; lastKnownFileType = text.plist.xml; path = Info.plist; sourceTree = "<group>"; };
		8F75F2EC21D005C000BDD371 /* SetsTests.xctest */ = {isa = PBXFileReference; explicitFileType = wrapper.cfbundle; includeInIndex = 0; path = SetsTests.xctest; sourceTree = BUILT_PRODUCTS_DIR; };
		8F75F2F021D005C000BDD371 /* SetsTests.swift */ = {isa = PBXFileReference; lastKnownFileType = sourcecode.swift; path = SetsTests.swift; sourceTree = "<group>"; };
		8F75F2F221D005C000BDD371 /* Info.plist */ = {isa = PBXFileReference; lastKnownFileType = text.plist.xml; path = Info.plist; sourceTree = "<group>"; };
		8F75F2F721D005C000BDD371 /* SetsUITests.xctest */ = {isa = PBXFileReference; explicitFileType = wrapper.cfbundle; includeInIndex = 0; path = SetsUITests.xctest; sourceTree = BUILT_PRODUCTS_DIR; };
		8F75F2FB21D005C000BDD371 /* SetsUITests.swift */ = {isa = PBXFileReference; lastKnownFileType = sourcecode.swift; path = SetsUITests.swift; sourceTree = "<group>"; };
		8F75F2FD21D005C000BDD371 /* Info.plist */ = {isa = PBXFileReference; lastKnownFileType = text.plist.xml; path = Info.plist; sourceTree = "<group>"; };
/* End PBXFileReference section */

/* Begin PBXFrameworksBuildPhase section */
		8F75F2D521D005AC00BDD371 /* Frameworks */ = {
			isa = PBXFrameworksBuildPhase;
			buildActionMask = 2147483647;
			files = (
			);
			runOnlyForDeploymentPostprocessing = 0;
		};
		8F75F2E921D005C000BDD371 /* Frameworks */ = {
			isa = PBXFrameworksBuildPhase;
			buildActionMask = 2147483647;
			files = (
			);
			runOnlyForDeploymentPostprocessing = 0;
		};
		8F75F2F421D005C000BDD371 /* Frameworks */ = {
			isa = PBXFrameworksBuildPhase;
			buildActionMask = 2147483647;
			files = (
			);
			runOnlyForDeploymentPostprocessing = 0;
		};
/* End PBXFrameworksBuildPhase section */

/* Begin PBXGroup section */
		8F75F2CF21D005AC00BDD371 = {
			isa = PBXGroup;
			children = (
				8F75F2DA21D005AC00BDD371 /* Sets */,
				8F75F2EF21D005C000BDD371 /* SetsTests */,
				8F75F2FA21D005C000BDD371 /* SetsUITests */,
				8F75F2D921D005AC00BDD371 /* Products */,
			);
			sourceTree = "<group>";
		};
		8F75F2D921D005AC00BDD371 /* Products */ = {
			isa = PBXGroup;
			children = (
				8F75F2D821D005AC00BDD371 /* Sets.app */,
				8F75F2EC21D005C000BDD371 /* SetsTests.xctest */,
				8F75F2F721D005C000BDD371 /* SetsUITests.xctest */,
			);
			name = Products;
			sourceTree = "<group>";
		};
		8F75F2DA21D005AC00BDD371 /* Sets */ = {
			isa = PBXGroup;
			children = (
				8F75F2DB21D005AC00BDD371 /* AppDelegate.swift */,
				8F75F2DD21D005AC00BDD371 /* ViewController.swift */,
				8F75F2DF21D005AC00BDD371 /* Main.storyboard */,
				8F75F2E221D005C000BDD371 /* Assets.xcassets */,
				8F75F2E421D005C000BDD371 /* LaunchScreen.storyboard */,
				8F75F2E721D005C000BDD371 /* Info.plist */,
			);
			path = Sets;
			sourceTree = "<group>";
		};
		8F75F2EF21D005C000BDD371 /* SetsTests */ = {
			isa = PBXGroup;
			children = (
				8F75F2F021D005C000BDD371 /* SetsTests.swift */,
				8F75F2F221D005C000BDD371 /* Info.plist */,
			);
			path = SetsTests;
			sourceTree = "<group>";
		};
		8F75F2FA21D005C000BDD371 /* SetsUITests */ = {
			isa = PBXGroup;
			children = (
				8F75F2FB21D005C000BDD371 /* SetsUITests.swift */,
				8F75F2FD21D005C000BDD371 /* Info.plist */,
			);
			path = SetsUITests;
			sourceTree = "<group>";
		};
/* End PBXGroup section */

/* Begin PBXNativeTarget section */
		8F75F2D721D005AC00BDD371 /* Sets */ = {
			isa = PBXNativeTarget;
			buildConfigurationList = 8F75F30021D005C000BDD371 /* Build configuration list for PBXNativeTarget "Sets" */;
			buildPhases = (
				8F75F2D421D005AC00BDD371 /* Sources */,
				8F75F2D521D005AC00BDD371 /* Frameworks */,
				8F75F2D621D005AC00BDD371 /* Resources */,
			);
			buildRules = (
			);
			dependencies = (
			);
			name = Sets;
			productName = Sets;
			productReference = 8F75F2D821D005AC00BDD371 /* Sets.app */;
			productType = "com.apple.product-type.application";
		};
		8F75F2EB21D005C000BDD371 /* SetsTests */ = {
			isa = PBXNativeTarget;
			buildConfigurationList = 8F75F30321D005C000BDD371 /* Build configuration list for PBXNativeTarget "SetsTests" */;
			buildPhases = (
				8F75F2E821D005C000BDD371 /* Sources */,
				8F75F2E921D005C000BDD371 /* Frameworks */,
				8F75F2EA21D005C000BDD371 /* Resources */,
			);
			buildRules = (
			);
			dependencies = (
				8F75F2EE21D005C000BDD371 /* PBXTargetDependency */,
			);
			name = SetsTests;
			productName = SetsTests;
			productReference = 8F75F2EC21D005C000BDD371 /* SetsTests.xctest */;
			productType = "com.apple.product-type.bundle.unit-test";
		};
		8F75F2F621D005C000BDD371 /* SetsUITests */ = {
			isa = PBXNativeTarget;
			buildConfigurationList = 8F75F30621D005C000BDD371 /* Build configuration list for PBXNativeTarget "SetsUITests" */;
			buildPhases = (
				8F75F2F321D005C000BDD371 /* Sources */,
				8F75F2F421D005C000BDD371 /* Frameworks */,
				8F75F2F521D005C000BDD371 /* Resources */,
			);
			buildRules = (
			);
			dependencies = (
				8F75F2F921D005C000BDD371 /* PBXTargetDependency */,
			);
			name = SetsUITests;
			productName = SetsUITests;
			productReference = 8F75F2F721D005C000BDD371 /* SetsUITests.xctest */;
			productType = "com.apple.product-type.bundle.ui-testing";
		};
/* End PBXNativeTarget section */

/* Begin PBXProject section */
		8F75F2D021D005AC00BDD371 /* Project object */ = {
			isa = PBXProject;
			attributes = {
				LastSwiftUpdateCheck = 1010;
				LastUpgradeCheck = 1010;
				ORGANIZATIONNAME = "Carlos Santiago Cruz";
				TargetAttributes = {
					8F75F2D721D005AC00BDD371 = {
						CreatedOnToolsVersion = 10.1;
					};
					8F75F2EB21D005C000BDD371 = {
						CreatedOnToolsVersion = 10.1;
						TestTargetID = 8F75F2D721D005AC00BDD371;
					};
					8F75F2F621D005C000BDD371 = {
						CreatedOnToolsVersion = 10.1;
						TestTargetID = 8F75F2D721D005AC00BDD371;
					};
				};
			};
			buildConfigurationList = 8F75F2D321D005AC00BDD371 /* Build configuration list for PBXProject "Sets" */;
			compatibilityVersion = "Xcode 9.3";
			developmentRegion = en;
			hasScannedForEncodings = 0;
			knownRegions = (
				en,
				Base,
			);
			mainGroup = 8F75F2CF21D005AC00BDD371;
			productRefGroup = 8F75F2D921D005AC00BDD371 /* Products */;
			projectDirPath = "";
			projectRoot = "";
			targets = (
				8F75F2D721D005AC00BDD371 /* Sets */,
				8F75F2EB21D005C000BDD371 /* SetsTests */,
				8F75F2F621D005C000BDD371 /* SetsUITests */,
			);
		};
/* End PBXProject section */

/* Begin PBXResourcesBuildPhase section */
		8F75F2D621D005AC00BDD371 /* Resources */ = {
			isa = PBXResourcesBuildPhase;
			buildActionMask = 2147483647;
			files = (
				8F75F2E621D005C000BDD371 /* LaunchScreen.storyboard in Resources */,
				8F75F2E321D005C000BDD371 /* Assets.xcassets in Resources */,
				8F75F2E121D005AC00BDD371 /* Main.storyboard in Resources */,
			);
			runOnlyForDeploymentPostprocessing = 0;
		};
		8F75F2EA21D005C000BDD371 /* Resources */ = {
			isa = PBXResourcesBuildPhase;
			buildActionMask = 2147483647;
			files = (
			);
			runOnlyForDeploymentPostprocessing = 0;
		};
		8F75F2F521D005C000BDD371 /* Resources */ = {
			isa = PBXResourcesBuildPhase;
			buildActionMask = 2147483647;
			files = (
			);
			runOnlyForDeploymentPostprocessing = 0;
		};
/* End PBXResourcesBuildPhase section */

/* Begin PBXSourcesBuildPhase section */
		8F75F2D421D005AC00BDD371 /* Sources */ = {
			isa = PBXSourcesBuildPhase;
			buildActionMask = 2147483647;
			files = (
				8F75F2DE21D005AC00BDD371 /* ViewController.swift in Sources */,
				8F75F2DC21D005AC00BDD371 /* AppDelegate.swift in Sources */,
			);
			runOnlyForDeploymentPostprocessing = 0;
		};
		8F75F2E821D005C000BDD371 /* Sources */ = {
			isa = PBXSourcesBuildPhase;
			buildActionMask = 2147483647;
			files = (
				8F75F2F121D005C000BDD371 /* SetsTests.swift in Sources */,
			);
			runOnlyForDeploymentPostprocessing = 0;
		};
		8F75F2F321D005C000BDD371 /* Sources */ = {
			isa = PBXSourcesBuildPhase;
			buildActionMask = 2147483647;
			files = (
				8F75F2FC21D005C000BDD371 /* SetsUITests.swift in Sources */,
			);
			runOnlyForDeploymentPostprocessing = 0;
		};
/* End PBXSourcesBuildPhase section */

/* Begin PBXTargetDependency section */
		8F75F2EE21D005C000BDD371 /* PBXTargetDependency */ = {
			isa = PBXTargetDependency;
			target = 8F75F2D721D005AC00BDD371 /* Sets */;
			targetProxy = 8F75F2ED21D005C000BDD371 /* PBXContainerItemProxy */;
		};
		8F75F2F921D005C000BDD371 /* PBXTargetDependency */ = {
			isa = PBXTargetDependency;
			target = 8F75F2D721D005AC00BDD371 /* Sets */;
			targetProxy = 8F75F2F821D005C000BDD371 /* PBXContainerItemProxy */;
		};
/* End PBXTargetDependency section */

/* Begin PBXVariantGroup section */
		8F75F2DF21D005AC00BDD371 /* Main.storyboard */ = {
			isa = PBXVariantGroup;
			children = (
				8F75F2E021D005AC00BDD371 /* Base */,
			);
			name = Main.storyboard;
			sourceTree = "<group>";
		};
		8F75F2E421D005C000BDD371 /* LaunchScreen.storyboard */ = {
			isa = PBXVariantGroup;
			children = (
				8F75F2E521D005C000BDD371 /* Base */,
			);
			name = LaunchScreen.storyboard;
			sourceTree = "<group>";
		};
/* End PBXVariantGroup section */

/* Begin XCBuildConfiguration section */
		8F75F2FE21D005C000BDD371 /* Debug */ = {
			isa = XCBuildConfiguration;
			buildSettings = {
				ALWAYS_SEARCH_USER_PATHS = NO;
				CLANG_ANALYZER_NONNULL = YES;
				CLANG_ANALYZER_NUMBER_OBJECT_CONVERSION = YES_AGGRESSIVE;
				CLANG_CXX_LANGUAGE_STANDARD = "gnu++14";
				CLANG_CXX_LIBRARY = "libc++";
				CLANG_ENABLE_MODULES = YES;
				CLANG_ENABLE_OBJC_ARC = YES;
				CLANG_ENABLE_OBJC_WEAK = YES;
				CLANG_WARN_BLOCK_CAPTURE_AUTORELEASING = YES;
				CLANG_WARN_BOOL_CONVERSION = YES;
				CLANG_WARN_COMMA = YES;
				CLANG_WARN_CONSTANT_CONVERSION = YES;
				CLANG_WARN_DEPRECATED_OBJC_IMPLEMENTATIONS = YES;
				CLANG_WARN_DIRECT_OBJC_ISA_USAGE = YES_ERROR;
				CLANG_WARN_DOCUMENTATION_COMMENTS = YES;
				CLANG_WARN_EMPTY_BODY = YES;
				CLANG_WARN_ENUM_CONVERSION = YES;
				CLANG_WARN_INFINITE_RECURSION = YES;
				CLANG_WARN_INT_CONVERSION = YES;
				CLANG_WARN_NON_LITERAL_NULL_CONVERSION = YES;
				CLANG_WARN_OBJC_IMPLICIT_RETAIN_SELF = YES;
				CLANG_WARN_OBJC_LITERAL_CONVERSION = YES;
				CLANG_WARN_OBJC_ROOT_CLASS = YES_ERROR;
				CLANG_WARN_RANGE_LOOP_ANALYSIS = YES;
				CLANG_WARN_STRICT_PROTOTYPES = YES;
				CLANG_WARN_SUSPICIOUS_MOVE = YES;
				CLANG_WARN_UNGUARDED_AVAILABILITY = YES_AGGRESSIVE;
				CLANG_WARN_UNREACHABLE_CODE = YES;
				CLANG_WARN__DUPLICATE_METHOD_MATCH = YES;
				CODE_SIGN_IDENTITY = "iPhone Developer";
				COPY_PHASE_STRIP = NO;
				DEBUG_INFORMATION_FORMAT = dwarf;
				ENABLE_STRICT_OBJC_MSGSEND = YES;
				ENABLE_TESTABILITY = YES;
				GCC_C_LANGUAGE_STANDARD = gnu11;
				GCC_DYNAMIC_NO_PIC = NO;
				GCC_NO_COMMON_BLOCKS = YES;
				GCC_OPTIMIZATION_LEVEL = 0;
				GCC_PREPROCESSOR_DEFINITIONS = (
					"DEBUG=1",
					"$(inherited)",
				);
				GCC_WARN_64_TO_32_BIT_CONVERSION = YES;
				GCC_WARN_ABOUT_RETURN_TYPE = YES_ERROR;
				GCC_WARN_UNDECLARED_SELECTOR = YES;
				GCC_WARN_UNINITIALIZED_AUTOS = YES_AGGRESSIVE;
				GCC_WARN_UNUSED_FUNCTION = YES;
				GCC_WARN_UNUSED_VARIABLE = YES;
				IPHONEOS_DEPLOYMENT_TARGET = 12.1;
				MTL_ENABLE_DEBUG_INFO = INCLUDE_SOURCE;
				MTL_FAST_MATH = YES;
				ONLY_ACTIVE_ARCH = YES;
				SDKROOT = iphoneos;
				SWIFT_ACTIVE_COMPILATION_CONDITIONS = DEBUG;
				SWIFT_OPTIMIZATION_LEVEL = "-Onone";
			};
			name = Debug;
		};
		8F75F2FF21D005C000BDD371 /* Release */ = {
			isa = XCBuildConfiguration;
			buildSettings = {
				ALWAYS_SEARCH_USER_PATHS = NO;
				CLANG_ANALYZER_NONNULL = YES;
				CLANG_ANALYZER_NUMBER_OBJECT_CONVERSION = YES_AGGRESSIVE;
				CLANG_CXX_LANGUAGE_STANDARD = "gnu++14";
				CLANG_CXX_LIBRARY = "libc++";
				CLANG_ENABLE_MODULES = YES;
				CLANG_ENABLE_OBJC_ARC = YES;
				CLANG_ENABLE_OBJC_WEAK = YES;
				CLANG_WARN_BLOCK_CAPTURE_AUTORELEASING = YES;
				CLANG_WARN_BOOL_CONVERSION = YES;
				CLANG_WARN_COMMA = YES;
				CLANG_WARN_CONSTANT_CONVERSION = YES;
				CLANG_WARN_DEPRECATED_OBJC_IMPLEMENTATIONS = YES;
				CLANG_WARN_DIRECT_OBJC_ISA_USAGE = YES_ERROR;
				CLANG_WARN_DOCUMENTATION_COMMENTS = YES;
				CLANG_WARN_EMPTY_BODY = YES;
				CLANG_WARN_ENUM_CONVERSION = YES;
				CLANG_WARN_INFINITE_RECURSION = YES;
				CLANG_WARN_INT_CONVERSION = YES;
				CLANG_WARN_NON_LITERAL_NULL_CONVERSION = YES;
				CLANG_WARN_OBJC_IMPLICIT_RETAIN_SELF = YES;
				CLANG_WARN_OBJC_LITERAL_CONVERSION = YES;
				CLANG_WARN_OBJC_ROOT_CLASS = YES_ERROR;
				CLANG_WARN_RANGE_LOOP_ANALYSIS = YES;
				CLANG_WARN_STRICT_PROTOTYPES = YES;
				CLANG_WARN_SUSPICIOUS_MOVE = YES;
				CLANG_WARN_UNGUARDED_AVAILABILITY = YES_AGGRESSIVE;
				CLANG_WARN_UNREACHABLE_CODE = YES;
				CLANG_WARN__DUPLICATE_METHOD_MATCH = YES;
				CODE_SIGN_IDENTITY = "iPhone Developer";
				COPY_PHASE_STRIP = NO;
				DEBUG_INFORMATION_FORMAT = "dwarf-with-dsym";
				ENABLE_NS_ASSERTIONS = NO;
				ENABLE_STRICT_OBJC_MSGSEND = YES;
				GCC_C_LANGUAGE_STANDARD = gnu11;
				GCC_NO_COMMON_BLOCKS = YES;
				GCC_WARN_64_TO_32_BIT_CONVERSION = YES;
				GCC_WARN_ABOUT_RETURN_TYPE = YES_ERROR;
				GCC_WARN_UNDECLARED_SELECTOR = YES;
				GCC_WARN_UNINITIALIZED_AUTOS = YES_AGGRESSIVE;
				GCC_WARN_UNUSED_FUNCTION = YES;
				GCC_WARN_UNUSED_VARIABLE = YES;
				IPHONEOS_DEPLOYMENT_TARGET = 12.1;
				MTL_ENABLE_DEBUG_INFO = NO;
				MTL_FAST_MATH = YES;
				SDKROOT = iphoneos;
				SWIFT_COMPILATION_MODE = wholemodule;
				SWIFT_OPTIMIZATION_LEVEL = "-O";
				VALIDATE_PRODUCT = YES;
			};
			name = Release;
		};
		8F75F30121D005C000BDD371 /* Debug */ = {
			isa = XCBuildConfiguration;
			buildSettings = {
				ASSETCATALOG_COMPILER_APPICON_NAME = AppIcon;
				CODE_SIGN_STYLE = Automatic;
				DEVELOPMENT_TEAM = KLD58K8YP9;
				INFOPLIST_FILE = Sets/Info.plist;
				LD_RUNPATH_SEARCH_PATHS = (
					"$(inherited)",
					"@executable_path/Frameworks",
				);
				PRODUCT_BUNDLE_IDENTIFIER = Santiago.Sets;
				PRODUCT_NAME = "$(TARGET_NAME)";
				SWIFT_VERSION = 4.2;
				TARGETED_DEVICE_FAMILY = "1,2";
			};
			name = Debug;
		};
		8F75F30221D005C000BDD371 /* Release */ = {
			isa = XCBuildConfiguration;
			buildSettings = {
				ASSETCATALOG_COMPILER_APPICON_NAME = AppIcon;
				CODE_SIGN_STYLE = Automatic;
				DEVELOPMENT_TEAM = KLD58K8YP9;
				INFOPLIST_FILE = Sets/Info.plist;
				LD_RUNPATH_SEARCH_PATHS = (
					"$(inherited)",
					"@executable_path/Frameworks",
				);
				PRODUCT_BUNDLE_IDENTIFIER = Santiago.Sets;
				PRODUCT_NAME = "$(TARGET_NAME)";
				SWIFT_VERSION = 4.2;
				TARGETED_DEVICE_FAMILY = "1,2";
			};
			name = Release;
		};
		8F75F30421D005C000BDD371 /* Debug */ = {
			isa = XCBuildConfiguration;
			buildSettings = {
				ALWAYS_EMBED_SWIFT_STANDARD_LIBRARIES = YES;
				BUNDLE_LOADER = "$(TEST_HOST)";
				CODE_SIGN_STYLE = Automatic;
				DEVELOPMENT_TEAM = KLD58K8YP9;
				INFOPLIST_FILE = SetsTests/Info.plist;
				LD_RUNPATH_SEARCH_PATHS = (
					"$(inherited)",
					"@executable_path/Frameworks",
					"@loader_path/Frameworks",
				);
				PRODUCT_BUNDLE_IDENTIFIER = Santiago.SetsTests;
				PRODUCT_NAME = "$(TARGET_NAME)";
				SWIFT_VERSION = 4.2;
				TARGETED_DEVICE_FAMILY = "1,2";
				TEST_HOST = "$(BUILT_PRODUCTS_DIR)/Sets.app/Sets";
			};
			name = Debug;
		};
		8F75F30521D005C000BDD371 /* Release */ = {
			isa = XCBuildConfiguration;
			buildSettings = {
				ALWAYS_EMBED_SWIFT_STANDARD_LIBRARIES = YES;
				BUNDLE_LOADER = "$(TEST_HOST)";
				CODE_SIGN_STYLE = Automatic;
				DEVELOPMENT_TEAM = KLD58K8YP9;
				INFOPLIST_FILE = SetsTests/Info.plist;
				LD_RUNPATH_SEARCH_PATHS = (
					"$(inherited)",
					"@executable_path/Frameworks",
					"@loader_path/Frameworks",
				);
				PRODUCT_BUNDLE_IDENTIFIER = Santiago.SetsTests;
				PRODUCT_NAME = "$(TARGET_NAME)";
				SWIFT_VERSION = 4.2;
				TARGETED_DEVICE_FAMILY = "1,2";
				TEST_HOST = "$(BUILT_PRODUCTS_DIR)/Sets.app/Sets";
			};
			name = Release;
		};
		8F75F30721D005C000BDD371 /* Debug */ = {
			isa = XCBuildConfiguration;
			buildSettings = {
				ALWAYS_EMBED_SWIFT_STANDARD_LIBRARIES = YES;
				CODE_SIGN_STYLE = Automatic;
				DEVELOPMENT_TEAM = KLD58K8YP9;
				INFOPLIST_FILE = SetsUITests/Info.plist;
				LD_RUNPATH_SEARCH_PATHS = (
					"$(inherited)",
					"@executable_path/Frameworks",
					"@loader_path/Frameworks",
				);
				PRODUCT_BUNDLE_IDENTIFIER = Santiago.SetsUITests;
				PRODUCT_NAME = "$(TARGET_NAME)";
				SWIFT_VERSION = 4.2;
				TARGETED_DEVICE_FAMILY = "1,2";
				TEST_TARGET_NAME = Sets;
			};
			name = Debug;
		};
		8F75F30821D005C000BDD371 /* Release */ = {
			isa = XCBuildConfiguration;
			buildSettings = {
				ALWAYS_EMBED_SWIFT_STANDARD_LIBRARIES = YES;
				CODE_SIGN_STYLE = Automatic;
				DEVELOPMENT_TEAM = KLD58K8YP9;
				INFOPLIST_FILE = SetsUITests/Info.plist;
				LD_RUNPATH_SEARCH_PATHS = (
					"$(inherited)",
					"@executable_path/Frameworks",
					"@loader_path/Frameworks",
				);
				PRODUCT_BUNDLE_IDENTIFIER = Santiago.SetsUITests;
				PRODUCT_NAME = "$(TARGET_NAME)";
				SWIFT_VERSION = 4.2;
				TARGETED_DEVICE_FAMILY = "1,2";
				TEST_TARGET_NAME = Sets;
			};
			name = Release;
		};
/* End XCBuildConfiguration section */

/* Begin XCConfigurationList section */
		8F75F2D321D005AC00BDD371 /* Build configuration list for PBXProject "Sets" */ = {
			isa = XCConfigurationList;
			buildConfigurations = (
				8F75F2FE21D005C000BDD371 /* Debug */,
				8F75F2FF21D005C000BDD371 /* Release */,
			);
			defaultConfigurationIsVisible = 0;
			defaultConfigurationName = Release;
		};
		8F75F30021D005C000BDD371 /* Build configuration list for PBXNativeTarget "Sets" */ = {
			isa = XCConfigurationList;
			buildConfigurations = (
				8F75F30121D005C000BDD371 /* Debug */,
				8F75F30221D005C000BDD371 /* Release */,
			);
			defaultConfigurationIsVisible = 0;
			defaultConfigurationName = Release;
		};
		8F75F30321D005C000BDD371 /* Build configuration list for PBXNativeTarget "SetsTests" */ = {
			isa = XCConfigurationList;
			buildConfigurations = (
				8F75F30421D005C000BDD371 /* Debug */,
				8F75F30521D005C000BDD371 /* Release */,
			);
			defaultConfigurationIsVisible = 0;
			defaultConfigurationName = Release;
		};
		8F75F30621D005C000BDD371 /* Build configuration list for PBXNativeTarget "SetsUITests" */ = {
			isa = XCConfigurationList;
			buildConfigurations = (
				8F75F30721D005C000BDD371 /* Debug */,
				8F75F30821D005C000BDD371 /* Release */,
			);
			defaultConfigurationIsVisible = 0;
			defaultConfigurationName = Release;
		};
/* End XCConfigurationList section */
	};
	rootObject = 8F75F2D021D005AC00BDD371 /* Project object */;
}
