// !$*UTF8*$!
{
	archiveVersion = 1;
	classes = {
	};
	objectVersion = 50;
	objects = {

/* Begin PBXBuildFile section */
		8F03E0A921C5543B005D0320 /* AppDelegate.swift in Sources */ = {isa = PBXBuildFile; fileRef = 8F03E0A821C5543B005D0320 /* AppDelegate.swift */; };
		8F03E0AB21C5543B005D0320 /* ViewController.swift in Sources */ = {isa = PBXBuildFile; fileRef = 8F03E0AA21C5543B005D0320 /* ViewController.swift */; };
		8F03E0AE21C5543C005D0320 /* Main.storyboard in Resources */ = {isa = PBXBuildFile; fileRef = 8F03E0AC21C5543C005D0320 /* Main.storyboard */; };
		8F03E0B021C5548C005D0320 /* Assets.xcassets in Resources */ = {isa = PBXBuildFile; fileRef = 8F03E0AF21C5548C005D0320 /* Assets.xcassets */; };
		8F03E0B321C5548D005D0320 /* LaunchScreen.storyboard in Resources */ = {isa = PBXBuildFile; fileRef = 8F03E0B121C5548D005D0320 /* LaunchScreen.storyboard */; };
		8F03E0BE21C55494005D0320 /* BuggyTests.swift in Sources */ = {isa = PBXBuildFile; fileRef = 8F03E0BD21C55494005D0320 /* BuggyTests.swift */; };
		8F03E0C921C55495005D0320 /* BuggyUITests.swift in Sources */ = {isa = PBXBuildFile; fileRef = 8F03E0C821C55495005D0320 /* BuggyUITests.swift */; };
/* End PBXBuildFile section */

/* Begin PBXContainerItemProxy section */
		8F03E0BA21C55493005D0320 /* PBXContainerItemProxy */ = {
			isa = PBXContainerItemProxy;
			containerPortal = 8F03E09D21C55439005D0320 /* Project object */;
			proxyType = 1;
			remoteGlobalIDString = 8F03E0A421C5543A005D0320;
			remoteInfo = Buggy;
		};
		8F03E0C521C55494005D0320 /* PBXContainerItemProxy */ = {
			isa = PBXContainerItemProxy;
			containerPortal = 8F03E09D21C55439005D0320 /* Project object */;
			proxyType = 1;
			remoteGlobalIDString = 8F03E0A421C5543A005D0320;
			remoteInfo = Buggy;
		};
/* End PBXContainerItemProxy section */

/* Begin PBXFileReference section */
		8F03E0A521C5543A005D0320 /* Buggy.app */ = {isa = PBXFileReference; explicitFileType = wrapper.application; includeInIndex = 0; path = Buggy.app; sourceTree = BUILT_PRODUCTS_DIR; };
		8F03E0A821C5543B005D0320 /* AppDelegate.swift */ = {isa = PBXFileReference; lastKnownFileType = sourcecode.swift; path = AppDelegate.swift; sourceTree = "<group>"; };
		8F03E0AA21C5543B005D0320 /* ViewController.swift */ = {isa = PBXFileReference; lastKnownFileType = sourcecode.swift; path = ViewController.swift; sourceTree = "<group>"; };
		8F03E0AD21C5543C005D0320 /* Base */ = {isa = PBXFileReference; lastKnownFileType = file.storyboard; name = Base; path = Base.lproj/Main.storyboard; sourceTree = "<group>"; };
		8F03E0AF21C5548C005D0320 /* Assets.xcassets */ = {isa = PBXFileReference; lastKnownFileType = folder.assetcatalog; path = Assets.xcassets; sourceTree = "<group>"; };
		8F03E0B221C5548D005D0320 /* Base */ = {isa = PBXFileReference; lastKnownFileType = file.storyboard; name = Base; path = Base.lproj/LaunchScreen.storyboard; sourceTree = "<group>"; };
		8F03E0B421C5548D005D0320 /* Info.plist */ = {isa = PBXFileReference; lastKnownFileType = text.plist.xml; path = Info.plist; sourceTree = "<group>"; };
		8F03E0B921C55493005D0320 /* BuggyTests.xctest */ = {isa = PBXFileReference; explicitFileType = wrapper.cfbundle; includeInIndex = 0; path = BuggyTests.xctest; sourceTree = BUILT_PRODUCTS_DIR; };
		8F03E0BD21C55494005D0320 /* BuggyTests.swift */ = {isa = PBXFileReference; lastKnownFileType = sourcecode.swift; path = BuggyTests.swift; sourceTree = "<group>"; };
		8F03E0BF21C55494005D0320 /* Info.plist */ = {isa = PBXFileReference; lastKnownFileType = text.plist.xml; path = Info.plist; sourceTree = "<group>"; };
		8F03E0C421C55494005D0320 /* BuggyUITests.xctest */ = {isa = PBXFileReference; explicitFileType = wrapper.cfbundle; includeInIndex = 0; path = BuggyUITests.xctest; sourceTree = BUILT_PRODUCTS_DIR; };
		8F03E0C821C55495005D0320 /* BuggyUITests.swift */ = {isa = PBXFileReference; lastKnownFileType = sourcecode.swift; path = BuggyUITests.swift; sourceTree = "<group>"; };
		8F03E0CA21C55495005D0320 /* Info.plist */ = {isa = PBXFileReference; lastKnownFileType = text.plist.xml; path = Info.plist; sourceTree = "<group>"; };
/* End PBXFileReference section */

/* Begin PBXFrameworksBuildPhase section */
		8F03E0A221C5543A005D0320 /* Frameworks */ = {
			isa = PBXFrameworksBuildPhase;
			buildActionMask = 2147483647;
			files = (
			);
			runOnlyForDeploymentPostprocessing = 0;
		};
		8F03E0B621C55493005D0320 /* Frameworks */ = {
			isa = PBXFrameworksBuildPhase;
			buildActionMask = 2147483647;
			files = (
			);
			runOnlyForDeploymentPostprocessing = 0;
		};
		8F03E0C121C55494005D0320 /* Frameworks */ = {
			isa = PBXFrameworksBuildPhase;
			buildActionMask = 2147483647;
			files = (
			);
			runOnlyForDeploymentPostprocessing = 0;
		};
/* End PBXFrameworksBuildPhase section */

/* Begin PBXGroup section */
		8F03E09C21C55439005D0320 = {
			isa = PBXGroup;
			children = (
				8F03E0A721C5543A005D0320 /* Buggy */,
				8F03E0BC21C55493005D0320 /* BuggyTests */,
				8F03E0C721C55495005D0320 /* BuggyUITests */,
				8F03E0A621C5543A005D0320 /* Products */,
			);
			sourceTree = "<group>";
		};
		8F03E0A621C5543A005D0320 /* Products */ = {
			isa = PBXGroup;
			children = (
				8F03E0A521C5543A005D0320 /* Buggy.app */,
				8F03E0B921C55493005D0320 /* BuggyTests.xctest */,
				8F03E0C421C55494005D0320 /* BuggyUITests.xctest */,
			);
			name = Products;
			sourceTree = "<group>";
		};
		8F03E0A721C5543A005D0320 /* Buggy */ = {
			isa = PBXGroup;
			children = (
				8F03E0A821C5543B005D0320 /* AppDelegate.swift */,
				8F03E0AA21C5543B005D0320 /* ViewController.swift */,
				8F03E0AC21C5543C005D0320 /* Main.storyboard */,
				8F03E0AF21C5548C005D0320 /* Assets.xcassets */,
				8F03E0B121C5548D005D0320 /* LaunchScreen.storyboard */,
				8F03E0B421C5548D005D0320 /* Info.plist */,
			);
			path = Buggy;
			sourceTree = "<group>";
		};
		8F03E0BC21C55493005D0320 /* BuggyTests */ = {
			isa = PBXGroup;
			children = (
				8F03E0BD21C55494005D0320 /* BuggyTests.swift */,
				8F03E0BF21C55494005D0320 /* Info.plist */,
			);
			path = BuggyTests;
			sourceTree = "<group>";
		};
		8F03E0C721C55495005D0320 /* BuggyUITests */ = {
			isa = PBXGroup;
			children = (
				8F03E0C821C55495005D0320 /* BuggyUITests.swift */,
				8F03E0CA21C55495005D0320 /* Info.plist */,
			);
			path = BuggyUITests;
			sourceTree = "<group>";
		};
/* End PBXGroup section */

/* Begin PBXNativeTarget section */
		8F03E0A421C5543A005D0320 /* Buggy */ = {
			isa = PBXNativeTarget;
			buildConfigurationList = 8F03E0CD21C55495005D0320 /* Build configuration list for PBXNativeTarget "Buggy" */;
			buildPhases = (
				8F03E0A121C5543A005D0320 /* Sources */,
				8F03E0A221C5543A005D0320 /* Frameworks */,
				8F03E0A321C5543A005D0320 /* Resources */,
			);
			buildRules = (
			);
			dependencies = (
			);
			name = Buggy;
			productName = Buggy;
			productReference = 8F03E0A521C5543A005D0320 /* Buggy.app */;
			productType = "com.apple.product-type.application";
		};
		8F03E0B821C55493005D0320 /* BuggyTests */ = {
			isa = PBXNativeTarget;
			buildConfigurationList = 8F03E0D021C55495005D0320 /* Build configuration list for PBXNativeTarget "BuggyTests" */;
			buildPhases = (
				8F03E0B521C55493005D0320 /* Sources */,
				8F03E0B621C55493005D0320 /* Frameworks */,
				8F03E0B721C55493005D0320 /* Resources */,
			);
			buildRules = (
			);
			dependencies = (
				8F03E0BB21C55493005D0320 /* PBXTargetDependency */,
			);
			name = BuggyTests;
			productName = BuggyTests;
			productReference = 8F03E0B921C55493005D0320 /* BuggyTests.xctest */;
			productType = "com.apple.product-type.bundle.unit-test";
		};
		8F03E0C321C55494005D0320 /* BuggyUITests */ = {
			isa = PBXNativeTarget;
			buildConfigurationList = 8F03E0D321C55495005D0320 /* Build configuration list for PBXNativeTarget "BuggyUITests" */;
			buildPhases = (
				8F03E0C021C55494005D0320 /* Sources */,
				8F03E0C121C55494005D0320 /* Frameworks */,
				8F03E0C221C55494005D0320 /* Resources */,
			);
			buildRules = (
			);
			dependencies = (
				8F03E0C621C55494005D0320 /* PBXTargetDependency */,
			);
			name = BuggyUITests;
			productName = BuggyUITests;
			productReference = 8F03E0C421C55494005D0320 /* BuggyUITests.xctest */;
			productType = "com.apple.product-type.bundle.ui-testing";
		};
/* End PBXNativeTarget section */

/* Begin PBXProject section */
		8F03E09D21C55439005D0320 /* Project object */ = {
			isa = PBXProject;
			attributes = {
				LastSwiftUpdateCheck = 1010;
				LastUpgradeCheck = 1010;
				ORGANIZATIONNAME = "Carlos Santiago Cruz";
				TargetAttributes = {
					8F03E0A421C5543A005D0320 = {
						CreatedOnToolsVersion = 10.1;
					};
					8F03E0B821C55493005D0320 = {
						CreatedOnToolsVersion = 10.1;
						TestTargetID = 8F03E0A421C5543A005D0320;
					};
					8F03E0C321C55494005D0320 = {
						CreatedOnToolsVersion = 10.1;
						TestTargetID = 8F03E0A421C5543A005D0320;
					};
				};
			};
			buildConfigurationList = 8F03E0A021C55439005D0320 /* Build configuration list for PBXProject "Buggy" */;
			compatibilityVersion = "Xcode 9.3";
			developmentRegion = en;
			hasScannedForEncodings = 0;
			knownRegions = (
				en,
				Base,
			);
			mainGroup = 8F03E09C21C55439005D0320;
			productRefGroup = 8F03E0A621C5543A005D0320 /* Products */;
			projectDirPath = "";
			projectRoot = "";
			targets = (
				8F03E0A421C5543A005D0320 /* Buggy */,
				8F03E0B821C55493005D0320 /* BuggyTests */,
				8F03E0C321C55494005D0320 /* BuggyUITests */,
			);
		};
/* End PBXProject section */

/* Begin PBXResourcesBuildPhase section */
		8F03E0A321C5543A005D0320 /* Resources */ = {
			isa = PBXResourcesBuildPhase;
			buildActionMask = 2147483647;
			files = (
				8F03E0B321C5548D005D0320 /* LaunchScreen.storyboard in Resources */,
				8F03E0B021C5548C005D0320 /* Assets.xcassets in Resources */,
				8F03E0AE21C5543C005D0320 /* Main.storyboard in Resources */,
			);
			runOnlyForDeploymentPostprocessing = 0;
		};
		8F03E0B721C55493005D0320 /* Resources */ = {
			isa = PBXResourcesBuildPhase;
			buildActionMask = 2147483647;
			files = (
			);
			runOnlyForDeploymentPostprocessing = 0;
		};
		8F03E0C221C55494005D0320 /* Resources */ = {
			isa = PBXResourcesBuildPhase;
			buildActionMask = 2147483647;
			files = (
			);
			runOnlyForDeploymentPostprocessing = 0;
		};
/* End PBXResourcesBuildPhase section */

/* Begin PBXSourcesBuildPhase section */
		8F03E0A121C5543A005D0320 /* Sources */ = {
			isa = PBXSourcesBuildPhase;
			buildActionMask = 2147483647;
			files = (
				8F03E0AB21C5543B005D0320 /* ViewController.swift in Sources */,
				8F03E0A921C5543B005D0320 /* AppDelegate.swift in Sources */,
			);
			runOnlyForDeploymentPostprocessing = 0;
		};
		8F03E0B521C55493005D0320 /* Sources */ = {
			isa = PBXSourcesBuildPhase;
			buildActionMask = 2147483647;
			files = (
				8F03E0BE21C55494005D0320 /* BuggyTests.swift in Sources */,
			);
			runOnlyForDeploymentPostprocessing = 0;
		};
		8F03E0C021C55494005D0320 /* Sources */ = {
			isa = PBXSourcesBuildPhase;
			buildActionMask = 2147483647;
			files = (
				8F03E0C921C55495005D0320 /* BuggyUITests.swift in Sources */,
			);
			runOnlyForDeploymentPostprocessing = 0;
		};
/* End PBXSourcesBuildPhase section */

/* Begin PBXTargetDependency section */
		8F03E0BB21C55493005D0320 /* PBXTargetDependency */ = {
			isa = PBXTargetDependency;
			target = 8F03E0A421C5543A005D0320 /* Buggy */;
			targetProxy = 8F03E0BA21C55493005D0320 /* PBXContainerItemProxy */;
		};
		8F03E0C621C55494005D0320 /* PBXTargetDependency */ = {
			isa = PBXTargetDependency;
			target = 8F03E0A421C5543A005D0320 /* Buggy */;
			targetProxy = 8F03E0C521C55494005D0320 /* PBXContainerItemProxy */;
		};
/* End PBXTargetDependency section */

/* Begin PBXVariantGroup section */
		8F03E0AC21C5543C005D0320 /* Main.storyboard */ = {
			isa = PBXVariantGroup;
			children = (
				8F03E0AD21C5543C005D0320 /* Base */,
			);
			name = Main.storyboard;
			sourceTree = "<group>";
		};
		8F03E0B121C5548D005D0320 /* LaunchScreen.storyboard */ = {
			isa = PBXVariantGroup;
			children = (
				8F03E0B221C5548D005D0320 /* Base */,
			);
			name = LaunchScreen.storyboard;
			sourceTree = "<group>";
		};
/* End PBXVariantGroup section */

/* Begin XCBuildConfiguration section */
		8F03E0CB21C55495005D0320 /* Debug */ = {
			isa = XCBuildConfiguration;
			buildSettings = {
				ALWAYS_SEARCH_USER_PATHS = NO;
				CLANG_ANALYZER_NONNULL = YES;
				CLANG_ANALYZER_NUMBER_OBJECT_CONVERSION = YES_AGGRESSIVE;
				CLANG_CXX_LANGUAGE_STANDARD = "gnu++14";
				CLANG_CXX_LIBRARY = "libc++";
				CLANG_ENABLE_MODULES = YES;
				CLANG_ENABLE_OBJC_ARC = YES;
				CLANG_ENABLE_OBJC_WEAK = YES;
				CLANG_WARN_BLOCK_CAPTURE_AUTORELEASING = YES;
				CLANG_WARN_BOOL_CONVERSION = YES;
				CLANG_WARN_COMMA = YES;
				CLANG_WARN_CONSTANT_CONVERSION = YES;
				CLANG_WARN_DEPRECATED_OBJC_IMPLEMENTATIONS = YES;
				CLANG_WARN_DIRECT_OBJC_ISA_USAGE = YES_ERROR;
				CLANG_WARN_DOCUMENTATION_COMMENTS = YES;
				CLANG_WARN_EMPTY_BODY = YES;
				CLANG_WARN_ENUM_CONVERSION = YES;
				CLANG_WARN_INFINITE_RECURSION = YES;
				CLANG_WARN_INT_CONVERSION = YES;
				CLANG_WARN_NON_LITERAL_NULL_CONVERSION = YES;
				CLANG_WARN_OBJC_IMPLICIT_RETAIN_SELF = YES;
				CLANG_WARN_OBJC_LITERAL_CONVERSION = YES;
				CLANG_WARN_OBJC_ROOT_CLASS = YES_ERROR;
				CLANG_WARN_RANGE_LOOP_ANALYSIS = YES;
				CLANG_WARN_STRICT_PROTOTYPES = YES;
				CLANG_WARN_SUSPICIOUS_MOVE = YES;
				CLANG_WARN_UNGUARDED_AVAILABILITY = YES_AGGRESSIVE;
				CLANG_WARN_UNREACHABLE_CODE = YES;
				CLANG_WARN__DUPLICATE_METHOD_MATCH = YES;
				CODE_SIGN_IDENTITY = "iPhone Developer";
				COPY_PHASE_STRIP = NO;
				DEBUG_INFORMATION_FORMAT = dwarf;
				ENABLE_STRICT_OBJC_MSGSEND = YES;
				ENABLE_TESTABILITY = YES;
				GCC_C_LANGUAGE_STANDARD = gnu11;
				GCC_DYNAMIC_NO_PIC = NO;
				GCC_NO_COMMON_BLOCKS = YES;
				GCC_OPTIMIZATION_LEVEL = 0;
				GCC_PREPROCESSOR_DEFINITIONS = (
					"DEBUG=1",
					"$(inherited)",
				);
				GCC_WARN_64_TO_32_BIT_CONVERSION = YES;
				GCC_WARN_ABOUT_RETURN_TYPE = YES_ERROR;
				GCC_WARN_UNDECLARED_SELECTOR = YES;
				GCC_WARN_UNINITIALIZED_AUTOS = YES_AGGRESSIVE;
				GCC_WARN_UNUSED_FUNCTION = YES;
				GCC_WARN_UNUSED_VARIABLE = YES;
				IPHONEOS_DEPLOYMENT_TARGET = 12.1;
				MTL_ENABLE_DEBUG_INFO = INCLUDE_SOURCE;
				MTL_FAST_MATH = YES;
				ONLY_ACTIVE_ARCH = YES;
				SDKROOT = iphoneos;
				SWIFT_ACTIVE_COMPILATION_CONDITIONS = DEBUG;
				SWIFT_OPTIMIZATION_LEVEL = "-Onone";
			};
			name = Debug;
		};
		8F03E0CC21C55495005D0320 /* Release */ = {
			isa = XCBuildConfiguration;
			buildSettings = {
				ALWAYS_SEARCH_USER_PATHS = NO;
				CLANG_ANALYZER_NONNULL = YES;
				CLANG_ANALYZER_NUMBER_OBJECT_CONVERSION = YES_AGGRESSIVE;
				CLANG_CXX_LANGUAGE_STANDARD = "gnu++14";
				CLANG_CXX_LIBRARY = "libc++";
				CLANG_ENABLE_MODULES = YES;
				CLANG_ENABLE_OBJC_ARC = YES;
				CLANG_ENABLE_OBJC_WEAK = YES;
				CLANG_WARN_BLOCK_CAPTURE_AUTORELEASING = YES;
				CLANG_WARN_BOOL_CONVERSION = YES;
				CLANG_WARN_COMMA = YES;
				CLANG_WARN_CONSTANT_CONVERSION = YES;
				CLANG_WARN_DEPRECATED_OBJC_IMPLEMENTATIONS = YES;
				CLANG_WARN_DIRECT_OBJC_ISA_USAGE = YES_ERROR;
				CLANG_WARN_DOCUMENTATION_COMMENTS = YES;
				CLANG_WARN_EMPTY_BODY = YES;
				CLANG_WARN_ENUM_CONVERSION = YES;
				CLANG_WARN_INFINITE_RECURSION = YES;
				CLANG_WARN_INT_CONVERSION = YES;
				CLANG_WARN_NON_LITERAL_NULL_CONVERSION = YES;
				CLANG_WARN_OBJC_IMPLICIT_RETAIN_SELF = YES;
				CLANG_WARN_OBJC_LITERAL_CONVERSION = YES;
				CLANG_WARN_OBJC_ROOT_CLASS = YES_ERROR;
				CLANG_WARN_RANGE_LOOP_ANALYSIS = YES;
				CLANG_WARN_STRICT_PROTOTYPES = YES;
				CLANG_WARN_SUSPICIOUS_MOVE = YES;
				CLANG_WARN_UNGUARDED_AVAILABILITY = YES_AGGRESSIVE;
				CLANG_WARN_UNREACHABLE_CODE = YES;
				CLANG_WARN__DUPLICATE_METHOD_MATCH = YES;
				CODE_SIGN_IDENTITY = "iPhone Developer";
				COPY_PHASE_STRIP = NO;
				DEBUG_INFORMATION_FORMAT = "dwarf-with-dsym";
				ENABLE_NS_ASSERTIONS = NO;
				ENABLE_STRICT_OBJC_MSGSEND = YES;
				GCC_C_LANGUAGE_STANDARD = gnu11;
				GCC_NO_COMMON_BLOCKS = YES;
				GCC_WARN_64_TO_32_BIT_CONVERSION = YES;
				GCC_WARN_ABOUT_RETURN_TYPE = YES_ERROR;
				GCC_WARN_UNDECLARED_SELECTOR = YES;
				GCC_WARN_UNINITIALIZED_AUTOS = YES_AGGRESSIVE;
				GCC_WARN_UNUSED_FUNCTION = YES;
				GCC_WARN_UNUSED_VARIABLE = YES;
				IPHONEOS_DEPLOYMENT_TARGET = 12.1;
				MTL_ENABLE_DEBUG_INFO = NO;
				MTL_FAST_MATH = YES;
				SDKROOT = iphoneos;
				SWIFT_COMPILATION_MODE = wholemodule;
				SWIFT_OPTIMIZATION_LEVEL = "-O";
				VALIDATE_PRODUCT = YES;
			};
			name = Release;
		};
		8F03E0CE21C55495005D0320 /* Debug */ = {
			isa = XCBuildConfiguration;
			buildSettings = {
				ASSETCATALOG_COMPILER_APPICON_NAME = AppIcon;
				CODE_SIGN_STYLE = Automatic;
				DEVELOPMENT_TEAM = KLD58K8YP9;
				INFOPLIST_FILE = Buggy/Info.plist;
				LD_RUNPATH_SEARCH_PATHS = (
					"$(inherited)",
					"@executable_path/Frameworks",
				);
				PRODUCT_BUNDLE_IDENTIFIER = Santiago.Buggy;
				PRODUCT_NAME = "$(TARGET_NAME)";
				SWIFT_VERSION = 4.2;
				TARGETED_DEVICE_FAMILY = "1,2";
			};
			name = Debug;
		};
		8F03E0CF21C55495005D0320 /* Release */ = {
			isa = XCBuildConfiguration;
			buildSettings = {
				ASSETCATALOG_COMPILER_APPICON_NAME = AppIcon;
				CODE_SIGN_STYLE = Automatic;
				DEVELOPMENT_TEAM = KLD58K8YP9;
				INFOPLIST_FILE = Buggy/Info.plist;
				LD_RUNPATH_SEARCH_PATHS = (
					"$(inherited)",
					"@executable_path/Frameworks",
				);
				PRODUCT_BUNDLE_IDENTIFIER = Santiago.Buggy;
				PRODUCT_NAME = "$(TARGET_NAME)";
				SWIFT_VERSION = 4.2;
				TARGETED_DEVICE_FAMILY = "1,2";
			};
			name = Release;
		};
		8F03E0D121C55495005D0320 /* Debug */ = {
			isa = XCBuildConfiguration;
			buildSettings = {
				ALWAYS_EMBED_SWIFT_STANDARD_LIBRARIES = YES;
				BUNDLE_LOADER = "$(TEST_HOST)";
				CODE_SIGN_STYLE = Automatic;
				DEVELOPMENT_TEAM = KLD58K8YP9;
				INFOPLIST_FILE = BuggyTests/Info.plist;
				LD_RUNPATH_SEARCH_PATHS = (
					"$(inherited)",
					"@executable_path/Frameworks",
					"@loader_path/Frameworks",
				);
				PRODUCT_BUNDLE_IDENTIFIER = Santiago.BuggyTests;
				PRODUCT_NAME = "$(TARGET_NAME)";
				SWIFT_VERSION = 4.2;
				TARGETED_DEVICE_FAMILY = "1,2";
				TEST_HOST = "$(BUILT_PRODUCTS_DIR)/Buggy.app/Buggy";
			};
			name = Debug;
		};
		8F03E0D221C55495005D0320 /* Release */ = {
			isa = XCBuildConfiguration;
			buildSettings = {
				ALWAYS_EMBED_SWIFT_STANDARD_LIBRARIES = YES;
				BUNDLE_LOADER = "$(TEST_HOST)";
				CODE_SIGN_STYLE = Automatic;
				DEVELOPMENT_TEAM = KLD58K8YP9;
				INFOPLIST_FILE = BuggyTests/Info.plist;
				LD_RUNPATH_SEARCH_PATHS = (
					"$(inherited)",
					"@executable_path/Frameworks",
					"@loader_path/Frameworks",
				);
				PRODUCT_BUNDLE_IDENTIFIER = Santiago.BuggyTests;
				PRODUCT_NAME = "$(TARGET_NAME)";
				SWIFT_VERSION = 4.2;
				TARGETED_DEVICE_FAMILY = "1,2";
				TEST_HOST = "$(BUILT_PRODUCTS_DIR)/Buggy.app/Buggy";
			};
			name = Release;
		};
		8F03E0D421C55495005D0320 /* Debug */ = {
			isa = XCBuildConfiguration;
			buildSettings = {
				ALWAYS_EMBED_SWIFT_STANDARD_LIBRARIES = YES;
				CODE_SIGN_STYLE = Automatic;
				DEVELOPMENT_TEAM = KLD58K8YP9;
				INFOPLIST_FILE = BuggyUITests/Info.plist;
				LD_RUNPATH_SEARCH_PATHS = (
					"$(inherited)",
					"@executable_path/Frameworks",
					"@loader_path/Frameworks",
				);
				PRODUCT_BUNDLE_IDENTIFIER = Santiago.BuggyUITests;
				PRODUCT_NAME = "$(TARGET_NAME)";
				SWIFT_VERSION = 4.2;
				TARGETED_DEVICE_FAMILY = "1,2";
				TEST_TARGET_NAME = Buggy;
			};
			name = Debug;
		};
		8F03E0D521C55495005D0320 /* Release */ = {
			isa = XCBuildConfiguration;
			buildSettings = {
				ALWAYS_EMBED_SWIFT_STANDARD_LIBRARIES = YES;
				CODE_SIGN_STYLE = Automatic;
				DEVELOPMENT_TEAM = KLD58K8YP9;
				INFOPLIST_FILE = BuggyUITests/Info.plist;
				LD_RUNPATH_SEARCH_PATHS = (
					"$(inherited)",
					"@executable_path/Frameworks",
					"@loader_path/Frameworks",
				);
				PRODUCT_BUNDLE_IDENTIFIER = Santiago.BuggyUITests;
				PRODUCT_NAME = "$(TARGET_NAME)";
				SWIFT_VERSION = 4.2;
				TARGETED_DEVICE_FAMILY = "1,2";
				TEST_TARGET_NAME = Buggy;
			};
			name = Release;
		};
/* End XCBuildConfiguration section */

/* Begin XCConfigurationList section */
		8F03E0A021C55439005D0320 /* Build configuration list for PBXProject "Buggy" */ = {
			isa = XCConfigurationList;
			buildConfigurations = (
				8F03E0CB21C55495005D0320 /* Debug */,
				8F03E0CC21C55495005D0320 /* Release */,
			);
			defaultConfigurationIsVisible = 0;
			defaultConfigurationName = Release;
		};
		8F03E0CD21C55495005D0320 /* Build configuration list for PBXNativeTarget "Buggy" */ = {
			isa = XCConfigurationList;
			buildConfigurations = (
				8F03E0CE21C55495005D0320 /* Debug */,
				8F03E0CF21C55495005D0320 /* Release */,
			);
			defaultConfigurationIsVisible = 0;
			defaultConfigurationName = Release;
		};
		8F03E0D021C55495005D0320 /* Build configuration list for PBXNativeTarget "BuggyTests" */ = {
			isa = XCConfigurationList;
			buildConfigurations = (
				8F03E0D121C55495005D0320 /* Debug */,
				8F03E0D221C55495005D0320 /* Release */,
			);
			defaultConfigurationIsVisible = 0;
			defaultConfigurationName = Release;
		};
		8F03E0D321C55495005D0320 /* Build configuration list for PBXNativeTarget "BuggyUITests" */ = {
			isa = XCConfigurationList;
			buildConfigurations = (
				8F03E0D421C55495005D0320 /* Debug */,
				8F03E0D521C55495005D0320 /* Release */,
			);
			defaultConfigurationIsVisible = 0;
			defaultConfigurationName = Release;
		};
/* End XCConfigurationList section */
	};
	rootObject = 8F03E09D21C55439005D0320 /* Project object */;
}
